
Microsoft Visual Studio Solution File, Format Version 12.00
# Visual Studio 15
Project("{FAE04EC0-301F-11D3-BF4B-00C04F79EFBC}") = "zadanie4", "zadanie4\zadanie4.csproj", "{CA57C547-192D-4B1A-9C50-6C9FFCC0C00F}"
EndProject
Global
	GlobalSection(SolutionConfigurationPlatforms) = preSolution
		Debug|x86 = Debug|x86
		Release|x86 = Release|x86
	EndGlobalSection
	GlobalSection(ProjectConfigurationPlatforms) = postSolution
		{CA57C547-192D-4B1A-9C50-6C9FFCC0C00F}.Debug|x86.ActiveCfg = Debug|x86
		{CA57C547-192D-4B1A-9C50-6C9FFCC0C00F}.Debug|x86.Build.0 = Debug|x86
		{CA57C547-192D-4B1A-9C50-6C9FFCC0C00F}.Release|x86.ActiveCfg = Release|x86
		{CA57C547-192D-4B1A-9C50-6C9FFCC0C00F}.Release|x86.Build.0 = Release|x86
	EndGlobalSection
EndGlobal
